<?xml version="1.0" encoding="utf-8"?>
<Project ToolsVersion="4.0" xmlns="http://schemas.microsoft.com/developer/msbuild/2003">
  <ItemGroup>
    <Filter Include="Source Files">
      <UniqueIdentifier>{4FC737F1-C7A5-4376-A066-2A32D752A2FF}</UniqueIdentifier>
      <Extensions>cpp;c;cc;cxx;def;odl;idl;hpj;bat;asm;asmx</Extensions>
    </Filter>
    <Filter Include="Header Files">
      <UniqueIdentifier>{93995380-89BD-4b04-88EB-625FBE52EBFB}</UniqueIdentifier>
      <Extensions>h;hpp;hxx;hm;inl;inc;xsd</Extensions>
    </Filter>
    <Filter Include="Header Files\System">
      <UniqueIdentifier>{036ffa76-c0a9-497b-864e-6273c0860331}</UniqueIdentifier>
    </Filter>
    <Filter Include="Header Files\Engine">
      <UniqueIdentifier>{16cfac4f-57a8-495c-b0f5-df88c35522d2}</UniqueIdentifier>
    </Filter>
    <Filter Include="Header Files\MyLib">
      <UniqueIdentifier>{30d3f970-46d1-400e-8a48-0a56ede1fc68}</UniqueIdentifier>
    </Filter>
    <Filter Include="Resource Files">
      <UniqueIdentifier>{67DA6AB6-F800-4c08-8B7A-83BB121AAD01}</UniqueIdentifier>
      <Extensions>rc;ico;cur;bmp;dlg;rc2;rct;bin;rgs;gif;jpg;jpeg;jpe;resx;tiff;tif;png;wav</Extensions>
    </Filter>
  </ItemGroup>
  <ItemGroup>
    <ClCompile Include="main.cpp">
      <Filter>Source Files</Filter>
    </ClCompile>
  </ItemGroup>
  <ItemGroup>
    <ClInclude Include="Headline.h">
      <Filter>Header Files</Filter>
    </ClInclude>
    <ClInclude Include="resource.h">
      <Filter>Header Files</Filter>
    </ClInclude>
    <ClInclude Include="CleanUp.h">
      <Filter>Header Files\System</Filter>
    </ClInclude>
    <ClInclude Include="CreateTex.h">
      <Filter>Header Files\System</Filter>
    </ClInclude>
    <ClInclude Include="InitOpenGL.h">
      <Filter>Header Files\System</Filter>
    </ClInclude>
    <ClInclude Include="LoadLevelList.h">
      <Filter>Header Files\System</Filter>
    </ClInclude>
    <ClInclude Include="Setting.h">
      <Filter>Header Files\System</Filter>
    </ClInclude>
    <ClInclude Include="String.h">
      <Filter>Header Files\System</Filter>
    </ClInclude>
    <ClInclude Include="SysGVar.h">
      <Filter>Header Files\System</Filter>
    </ClInclude>
    <ClInclude Include="SystemConst.h">
      <Filter>Header Files\System</Filter>
    </ClInclude>
    <ClInclude Include="SystemInit.h">
      <Filter>Header Files\System</Filter>
    </ClInclude>
    <ClInclude Include="Texture.h">
      <Filter>Header Files\System</Filter>
    </ClInclude>
    <ClInclude Include="WindowResize.h">
      <Filter>Header Files\System</Filter>
    </ClInclude>
    <ClInclude Include="WndProc.h">
      <Filter>Header Files\System</Filter>
    </ClInclude>
    <ClInclude Include="Alphabet.h">
      <Filter>Header Files\Engine</Filter>
    </ClInclude>
    <ClInclude Include="bull.h">
      <Filter>Header Files\Engine</Filter>
    </ClInclude>
    <ClInclude Include="GlobalEngineVar.h">
      <Filter>Header Files\Engine</Filter>
    </ClInclude>
    <ClInclude Include="GlobalGameVar.h">
      <Filter>Header Files\Engine</Filter>
    </ClInclude>
    <ClInclude Include="GVar.h">
      <Filter>Header Files\Engine</Filter>
    </ClInclude>
    <ClInclude Include="InitGame.h">
      <Filter>Header Files\Engine</Filter>
    </ClInclude>
    <ClInclude Include="Keyboard.h">
      <Filter>Header Files\Engine</Filter>
    </ClInclude>
    <ClInclude Include="MAP_class.h">
      <Filter>Header Files\Engine</Filter>
    </ClInclude>
    <ClInclude Include="Menu_Class.h">
      <Filter>Header Files\Engine</Filter>
    </ClInclude>
    <ClInclude Include="Menu_func.h">
      <Filter>Header Files\Engine</Filter>
    </ClInclude>
    <ClInclude Include="Profile.h">
      <Filter>Header Files\Engine</Filter>
    </ClInclude>
    <ClInclude Include="Rendering.h">
      <Filter>Header Files\Engine</Filter>
    </ClInclude>
    <ClInclude Include="RendLogo.h">
      <Filter>Header Files\Engine</Filter>
    </ClInclude>
    <ClInclude Include="Restart.h">
      <Filter>Header Files\Engine</Filter>
    </ClInclude>
    <ClInclude Include="obj_loader_v2.h">
      <Filter>Header Files\MyLib</Filter>
    </ClInclude>
    <ClInclude Include="PERSON.h">
      <Filter>Header Files\MyLib</Filter>
    </ClInclude>
    <ClInclude Include="Terrain.h">
      <Filter>Header Files\MyLib</Filter>
    </ClInclude>
    <ClInclude Include="Text.h">
      <Filter>Header Files\MyLib</Filter>
    </ClInclude>
    <ClInclude Include="vector.h">
      <Filter>Header Files\MyLib</Filter>
    </ClInclude>
  </ItemGroup>
  <ItemGroup>
    <Image Include="2.ico">
      <Filter>Resource Files</Filter>
    </Image>
  </ItemGroup>
  <ItemGroup>
    <ResourceCompile Include="res.rc">
      <Filter>Resource Files</Filter>
    </ResourceCompile>
  </ItemGroup>
</Project>